
Microsoft Visual Studio Solution File, Format Version 12.00
# Visual Studio Version 16
VisualStudioVersion = 16.0.30804.86
MinimumVisualStudioVersion = 10.0.40219.1
Project("{9A19103F-16F7-4668-BE54-9A1E7A4F7556}") = "LaundryManagement", "LaundryManagement\LaundryManagement.csproj", "{FBED2FF2-4A9E-4C8E-98ED-1B753873564C}"
EndProject
Global
	GlobalSection(SolutionConfigurationPlatforms) = preSolution
		Debug|Any CPU = Debug|Any CPU
		Debug|x64 = Debug|x64
		Release|Any CPU = Release|Any CPU
		Release|x64 = Release|x64
	EndGlobalSection
	GlobalSection(ProjectConfigurationPlatforms) = postSolution
		{FBED2FF2-4A9E-4C8E-98ED-1B753873564C}.Debug|Any CPU.ActiveCfg = Debug|Any CPU
		{FBED2FF2-4A9E-4C8E-98ED-1B753873564C}.Debug|Any CPU.Build.0 = Debug|Any CPU
		{FBED2FF2-4A9E-4C8E-98ED-1B753873564C}.Debug|x64.ActiveCfg = Debug|x64
		{FBED2FF2-4A9E-4C8E-98ED-1B753873564C}.Debug|x64.Build.0 = Debug|x64
		{FBED2FF2-4A9E-4C8E-98ED-1B753873564C}.Release|Any CPU.ActiveCfg = Release|Any CPU
		{FBED2FF2-4A9E-4C8E-98ED-1B753873564C}.Release|Any CPU.Build.0 = Release|Any CPU
		{FBED2FF2-4A9E-4C8E-98ED-1B753873564C}.Release|x64.ActiveCfg = Release|x64
		{FBED2FF2-4A9E-4C8E-98ED-1B753873564C}.Release|x64.Build.0 = Release|x64
	EndGlobalSection
	GlobalSection(SolutionProperties) = preSolution
		HideSolutionNode = FALSE
	EndGlobalSection
	GlobalSection(ExtensibilityGlobals) = postSolution
		SolutionGuid = {D208FB28-3F3E-47DF-B534-86C9CAF9D840}
	EndGlobalSection
EndGlobal
